{
  "name": "keetanet-core",
  "version": "1.1.3",
  "lockfileVersion": 3,
  "requires": true,
  "packages": {
    "": {
      "name": "keetanet-core",
      "version": "1.1.3",
      "license": "ISC",
      "dependencies": {
        "semver": "^7.8.5",
        "stripe": "^22.2.3"
      }
    },
    "node_modules/semver": {
      "version": "7.8.5",
      "resolved": "https://registry.npmjs.org/semver/-/semver-7.8.5.tgz",
      "integrity": "sha512-Y7/KDsb8LjooZpwaqGyulO6DQlksgCncchHGk+sZIY4SBvUocMBEFH5Ur1fI4dV+Jvl0w6cjvucaIi40puRioA==",
      "license": "ISC",
      "bin": {
        "semver": "bin/semver.js"
      },
      "engines": {
        "node": ">=10"
      }
    },
    "node_modules/stripe": {
      "version": "22.2.3",
      "resolved": "https://registry.npmjs.org/stripe/-/stripe-22.2.3.tgz",
      "integrity": "sha512-9lrggvLtjO4Ef5WXH4t50ckHJcJgTD72xFB+KJgZCSszAH9zMV1BqU6PwmWbRLdcdX7LK6PbErBapiGK7pIb+g==",
      "license": "MIT",
      "engines": {
        "node": ">=18"
      },
      "peerDependencies": {
        "@types/node": ">=18"
      },
      "peerDependenciesMeta": {
        "@types/node": {
          "optional": true
        }
      }
    }
  }
}
